github.com/jessevdk/go-flags v1.6.1 h1:Cvu5U8UGrLay1rZfv/zP7iLpSHGUZ/Ou68T0iX1bBK4=
github.com/jessevdk/go-flags v1.6.1/go.mod h1:Mk8T1hIAWpOiJiHa9rJASDK2UGWji0EuPGBnNLMooyc=
github.com/klauspost/compress v1.18.2 h1:iiPHWW0YrcFgpBYhsA6D1+fqHssJscY/Tm/y2Uqnapk=
github.com/klauspost/compress v1.18.2/go.mod h1:R0h/fSBs8DE4ENlcrlib3PsXS61voFxhIs2DeRhCvJ4=
github.com/pierrec/lz4/v4 v4.1.22 h1:cKFw6uJDK+/gfw5BcDL0JL5aBsAFdsIT18eRtLj7VIU=
github.com/pierrec/lz4/v4 v4.1.22/go.mod h1:gZWDp/Ze/IJXGXf23ltt2EXimqmTUXEy0GFuRQyBid4=
github.com/twmb/franz-go v1.20.6 h1:TpQTt4QcixJ1cHEmQGPOERvTzo99s8jAutmS7rbSD6w=
github.com/twmb/franz-go v1.20.6/go.mod h1:u+FzH2sInp7b9HNVv2cZN8AxdXy6y/AQ1Bkptu4c0FM=
github.com/twmb/franz-go/pkg/kadm v1.17.2 h1:g5f1sAxnTkYC6G96pV5u715HWhxd66hWaDZUAQ8xHY8=
github.com/twmb/franz-go/pkg/kadm v1.17.2/go.mod h1:ST55zUB+sUS+0y+GcKY/Tf1XxgVilaFpB9I19UubLmU=
github.com/twmb/franz-go/pkg/kmsg v1.12.0 h1:CbatD7ers1KzDNgJqPbKOq0Bz/WLBdsTH75wgzeVaPc=
github.com/twmb/franz-go/pkg/kmsg v1.12.0/go.mod h1:+DPt4NC8RmI6hqb8G09+3giKObE6uD2Eya6CfqBpeJY=
golang.org/x/crypto v0.45.0 h1:jMBrvKuj23MTlT0bQEOBcAE0mjg8mK9RXFhRH6nyF3Q=
golang.org/x/crypto v0.45.0/go.mod h1:XTGrrkGJve7CYK7J8PEww4aY7gM3qMCElcJQ8n8JdX4=
golang.org/x/sys v0.38.0 h1:3yZWxaJjBmCWXqhN1qh02AkOnCQ1poK6oF+a7xWL6Gc=
golang.org/x/sys v0.38.0/go.mod h1:OgkHotnGiDImocRcuBABYBEXf8A9a87e/uXjp9XT3ks=
